
Microsoft Visual Studio Solution File, Format Version 12.00
Project("{FAE04EC0-301F-11D3-BF4B-00C04F79EFBC}") = "Backend", "Backend\Backend.csproj", "{AA1C6DB4-DAF0-42B9-8BA1-A898CDA04C16}"
EndProject
Project("{FAE04EC0-301F-11D3-BF4B-00C04F79EFBC}") = "WeatherSettings", "WeatherSettings\WeatherSettings.csproj", "{88A4188E-2BC4-4868-8134-929D354B3716}"
EndProject
Global
	GlobalSection(SolutionConfigurationPlatforms) = preSolution
		Debug|Any CPU = Debug|Any CPU
		Release|Any CPU = Release|Any CPU
	EndGlobalSection
	GlobalSection(ProjectConfigurationPlatforms) = postSolution
		{AA1C6DB4-DAF0-42B9-8BA1-A898CDA04C16}.Debug|Any CPU.ActiveCfg = Debug|Any CPU
		{AA1C6DB4-DAF0-42B9-8BA1-A898CDA04C16}.Debug|Any CPU.Build.0 = Debug|Any CPU
		{AA1C6DB4-DAF0-42B9-8BA1-A898CDA04C16}.Release|Any CPU.ActiveCfg = Release|Any CPU
		{AA1C6DB4-DAF0-42B9-8BA1-A898CDA04C16}.Release|Any CPU.Build.0 = Release|Any CPU
		{88A4188E-2BC4-4868-8134-929D354B3716}.Debug|Any CPU.ActiveCfg = Debug|Any CPU
		{88A4188E-2BC4-4868-8134-929D354B3716}.Debug|Any CPU.Build.0 = Debug|Any CPU
		{88A4188E-2BC4-4868-8134-929D354B3716}.Release|Any CPU.ActiveCfg = Release|Any CPU
		{88A4188E-2BC4-4868-8134-929D354B3716}.Release|Any CPU.Build.0 = Release|Any CPU
	EndGlobalSection
EndGlobal
